
Microsoft Visual Studio Solution File, Format Version 12.00
# Visual Studio Version 17
VisualStudioVersion = 17.11.35017.193
MinimumVisualStudioVersion = 10.0.40219.1
Project("{FAE04EC0-301F-11D3-BF4B-00C04F79EFBC}") = "interrogazione", "interrogazione\interrogazione.csproj", "{3A3C6A2F-3238-4C11-8786-2366A3FEE85B}"
EndProject
Global
	GlobalSection(SolutionConfigurationPlatforms) = preSolution
		Debug|Any CPU = Debug|Any CPU
		Release|Any CPU = Release|Any CPU
	EndGlobalSection
	GlobalSection(ProjectConfigurationPlatforms) = postSolution
		{3A3C6A2F-3238-4C11-8786-2366A3FEE85B}.Debug|Any CPU.ActiveCfg = Debug|Any CPU
		{3A3C6A2F-3238-4C11-8786-2366A3FEE85B}.Debug|Any CPU.Build.0 = Debug|Any CPU
		{3A3C6A2F-3238-4C11-8786-2366A3FEE85B}.Release|Any CPU.ActiveCfg = Release|Any CPU
		{3A3C6A2F-3238-4C11-8786-2366A3FEE85B}.Release|Any CPU.Build.0 = Release|Any CPU
	EndGlobalSection
	GlobalSection(SolutionProperties) = preSolution
		HideSolutionNode = FALSE
	EndGlobalSection
	GlobalSection(ExtensibilityGlobals) = postSolution
		SolutionGuid = {307067DB-7EB1-44E9-A658-B8713068008E}
	EndGlobalSection
EndGlobal
